
Microsoft Visual Studio Solution File, Format Version 12.00
# Visual Studio Version 16
VisualStudioVersion = 16.0.29519.181
MinimumVisualStudioVersion = 10.0.40219.1
Project("{FAE04EC0-301F-11D3-BF4B-00C04F79EFBC}") = "Kafe", "Kafe.csproj", "{F4DB2B97-8F6C-4770-B102-05F3E015BE88}"
EndProject
Global
	GlobalSection(SolutionConfigurationPlatforms) = preSolution
		Debug|Any CPU = Debug|Any CPU
		Release|Any CPU = Release|Any CPU
	EndGlobalSection
	GlobalSection(ProjectConfigurationPlatforms) = postSolution
		{F4DB2B97-8F6C-4770-B102-05F3E015BE88}.Debug|Any CPU.ActiveCfg = Debug|Any CPU
		{F4DB2B97-8F6C-4770-B102-05F3E015BE88}.Debug|Any CPU.Build.0 = Debug|Any CPU
		{F4DB2B97-8F6C-4770-B102-05F3E015BE88}.Release|Any CPU.ActiveCfg = Release|Any CPU
		{F4DB2B97-8F6C-4770-B102-05F3E015BE88}.Release|Any CPU.Build.0 = Release|Any CPU
	EndGlobalSection
	GlobalSection(SolutionProperties) = preSolution
		HideSolutionNode = FALSE
	EndGlobalSection
	GlobalSection(ExtensibilityGlobals) = postSolution
		SolutionGuid = {CBCCC97F-6529-4F3E-84C7-FBFB9D87AE89}
	EndGlobalSection
EndGlobal
